dependencies:
- name: vc-authentication
  repository: https://fiware.github.io/vc-authentication/
  version: 1.1.2
- name: odrl-authorization
  repository: https://fiware.github.io/odrl-authorization/
  version: 2.1.0
digest: sha256:468c378708f5ff00ad6b2a59682b890282884f64bb6ee2b17a2b49b591ded499
generated: "2026-03-06T08:34:49.002738+01:00"
